{
  "name": "xoox-flatten",
  "version": "1.0.1",
  "lockfileVersion": 1,
  "requires": true,
  "dependencies": {
    "utilise": {
      "version": "2.3.6",
      "dev": true,
      "requires": {
        "colors": "^1.2.3",
        "through": "^2.3.8"
      },
      "dependencies": {
        "Base64": {
          "version": "0.2.1",
          "bundled": true
        },
        "JSONStream": {
          "version": "1.3.2",
          "bundled": true,
          "requires": {
            "jsonparse": "^1.2.0",
            "through": ">=2.2.7 <3"
          }
        },
        "acorn": {
          "version": "4.0.13",
          "bundled": true
        },
        "acorn-node": {
          "version": "1.3.0",
          "bundled": true,
          "requires": {
            "acorn": "^5.4.1",
            "xtend": "^4.0.1"
          },
          "dependencies": {
            "acorn": {
              "version": "5.5.3",
              "bundled": true
            }
          }
        },
        "amdefine": {
          "version": "1.0.1",
          "bundled": true
        },
        "asn1.js": {
          "version": "4.10.1",
          "bundled": true,
          "requires": {
            "bn.js": "^4.0.0",
            "inherits": "^2.0.1",
            "minimalistic-assert": "^1.0.0"
          }
        },
        "assert": {
          "version": "1.3.0",
          "bundled": true,
          "requires": {
            "util": "0.10.3"
          }
        },
        "astw": {
          "version": "2.2.0",
          "bundled": true,
          "requires": {
            "acorn": "^4.0.3"
          }
        },
        "balanced-match": {
          "version": "1.0.0",
          "bundled": true
        },
        "base64-js": {
          "version": "0.0.8",
          "bundled": true
        },
        "bl": {
          "version": "0.9.5",
          "bundled": true,
          "requires": {
            "readable-stream": "~1.0.26"
          },
          "dependencies": {
            "readable-stream": {
              "version": "1.0.34",
              "bundled": true,
              "requires": {
                "core-util-is": "~1.0.0",
                "inherits": "~2.0.1",
                "isarray": "0.0.1",
                "string_decoder": "~0.10.x"
              }
            }
          }
        },
        "bn.js": {
          "version": "4.11.8",
          "bundled": true
        },
        "brace-expansion": {
          "version": "1.1.11",
          "bundled": true,
          "requires": {
            "balanced-match": "^1.0.0",
            "concat-map": "0.0.1"
          }
        },
        "brorand": {
          "version": "1.1.0",
          "bundled": true
        },
        "browser-pack": {
          "version": "5.0.1",
          "bundled": true,
          "requires": {
            "JSONStream": "^1.0.3",
            "combine-source-map": "~0.6.1",
            "defined": "^1.0.0",
            "through2": "^1.0.0",
            "umd": "^3.0.0"
          }
        },
        "browser-resolve": {
          "version": "1.11.2",
          "bundled": true,
          "requires": {
            "resolve": "1.1.7"
          },
          "dependencies": {
            "resolve": {
              "version": "1.1.7",
              "bundled": true
            }
          }
        },
        "browserify": {
          "version": "10.2.6",
          "bundled": true,
          "requires": {
            "JSONStream": "^1.0.3",
            "assert": "~1.3.0",
            "browser-pack": "^5.0.0",
            "browser-resolve": "^1.7.1",
            "browserify-zlib": "~0.1.2",
            "buffer": "^3.0.0",
            "builtins": "~0.0.3",
            "commondir": "0.0.1",
            "concat-stream": "~1.4.1",
            "console-browserify": "^1.1.0",
            "constants-browserify": "~0.0.1",
            "crypto-browserify": "^3.0.0",
            "defined": "^1.0.0",
            "deps-sort": "^1.3.7",
            "domain-browser": "~1.1.0",
            "duplexer2": "~0.0.2",
            "events": "~1.0.0",
            "glob": "^4.0.5",
            "has": "^1.0.0",
            "htmlescape": "^1.1.0",
            "http-browserify": "^1.4.0",
            "https-browserify": "~0.0.0",
            "inherits": "~2.0.1",
            "insert-module-globals": "^6.4.1",
            "isarray": "0.0.1",
            "labeled-stream-splicer": "^1.0.0",
            "module-deps": "^3.7.11",
            "os-browserify": "~0.1.1",
            "parents": "^1.0.1",
            "path-browserify": "~0.0.0",
            "process": "~0.11.0",
            "punycode": "^1.3.2",
            "querystring-es3": "~0.2.0",
            "read-only-stream": "^1.1.1",
            "readable-stream": "^1.1.13",
            "resolve": "^1.1.4",
            "shasum": "^1.0.0",
            "shell-quote": "~0.0.1",
            "stream-browserify": "^1.0.0",
            "string_decoder": "~0.10.0",
            "subarg": "^1.0.0",
            "syntax-error": "^1.1.1",
            "through2": "^1.0.0",
            "timers-browserify": "^1.0.1",
            "tty-browserify": "~0.0.0",
            "url": "~0.10.1",
            "util": "~0.10.1",
            "vm-browserify": "~0.0.1",
            "xtend": "^4.0.0"
          }
        },
        "browserify-aes": {
          "version": "1.2.0",
          "bundled": true,
          "requires": {
            "buffer-xor": "^1.0.3",
            "cipher-base": "^1.0.0",
            "create-hash": "^1.1.0",
            "evp_bytestokey": "^1.0.3",
            "inherits": "^2.0.1",
            "safe-buffer": "^5.0.1"
          }
        },
        "browserify-cipher": {
          "version": "1.0.1",
          "bundled": true,
          "requires": {
            "browserify-aes": "^1.0.4",
            "browserify-des": "^1.0.0",
            "evp_bytestokey": "^1.0.0"
          }
        },
        "browserify-des": {
          "version": "1.0.1",
          "bundled": true,
          "requires": {
            "cipher-base": "^1.0.1",
            "des.js": "^1.0.0",
            "inherits": "^2.0.1"
          }
        },
        "browserify-rsa": {
          "version": "4.0.1",
          "bundled": true,
          "requires": {
            "bn.js": "^4.1.0",
            "randombytes": "^2.0.1"
          }
        },
        "browserify-sign": {
          "version": "4.0.4",
          "bundled": true,
          "requires": {
            "bn.js": "^4.1.1",
            "browserify-rsa": "^4.0.0",
            "create-hash": "^1.1.0",
            "create-hmac": "^1.1.2",
            "elliptic": "^6.0.0",
            "inherits": "^2.0.1",
            "parse-asn1": "^5.0.0"
          }
        },
        "browserify-zlib": {
          "version": "0.1.4",
          "bundled": true,
          "requires": {
            "pako": "~0.2.0"
          }
        },
        "buffer": {
          "version": "3.6.0",
          "bundled": true,
          "requires": {
            "base64-js": "0.0.8",
            "ieee754": "^1.1.4",
            "isarray": "^1.0.0"
          },
          "dependencies": {
            "isarray": {
              "version": "1.0.0",
              "bundled": true
            }
          }
        },
        "buffer-xor": {
          "version": "1.0.3",
          "bundled": true
        },
        "builtin-modules": {
          "version": "1.1.1",
          "bundled": true
        },
        "builtins": {
          "version": "0.0.7",
          "bundled": true
        },
        "cipher-base": {
          "version": "1.0.4",
          "bundled": true,
          "requires": {
            "inherits": "^2.0.1",
            "safe-buffer": "^5.0.1"
          }
        },
        "colors": {
          "version": "1.2.3",
          "bundled": true
        },
        "combine-source-map": {
          "version": "0.6.1",
          "bundled": true,
          "requires": {
            "convert-source-map": "~1.1.0",
            "inline-source-map": "~0.5.0",
            "lodash.memoize": "~3.0.3",
            "source-map": "~0.4.2"
          }
        },
        "commander": {
          "version": "2.14.1",
          "bundled": true
        },
        "commondir": {
          "version": "0.0.1",
          "bundled": true
        },
        "concat-map": {
          "version": "0.0.1",
          "bundled": true
        },
        "concat-stream": {
          "version": "1.4.11",
          "bundled": true,
          "requires": {
            "inherits": "~2.0.1",
            "readable-stream": "~1.1.9",
            "typedarray": "~0.0.5"
          }
        },
        "console-browserify": {
          "version": "1.1.0",
          "bundled": true,
          "requires": {
            "date-now": "^0.1.4"
          }
        },
        "constants-browserify": {
          "version": "0.0.1",
          "bundled": true
        },
        "convert-source-map": {
          "version": "1.1.3",
          "bundled": true
        },
        "core-util-is": {
          "version": "1.0.2",
          "bundled": true
        },
        "create-ecdh": {
          "version": "4.0.1",
          "bundled": true,
          "requires": {
            "bn.js": "^4.1.0",
            "elliptic": "^6.0.0"
          }
        },
        "create-hash": {
          "version": "1.2.0",
          "bundled": true,
          "requires": {
            "cipher-base": "^1.0.1",
            "inherits": "^2.0.1",
            "md5.js": "^1.3.4",
            "ripemd160": "^2.0.1",
            "sha.js": "^2.4.0"
          }
        },
        "create-hmac": {
          "version": "1.1.7",
          "bundled": true,
          "requires": {
            "cipher-base": "^1.0.3",
            "create-hash": "^1.1.0",
            "inherits": "^2.0.1",
            "ripemd160": "^2.0.0",
            "safe-buffer": "^5.0.1",
            "sha.js": "^2.4.8"
          }
        },
        "crypto-browserify": {
          "version": "3.12.0",
          "bundled": true,
          "requires": {
            "browserify-cipher": "^1.0.0",
            "browserify-sign": "^4.0.0",
            "create-ecdh": "^4.0.0",
            "create-hash": "^1.1.0",
            "create-hmac": "^1.1.0",
            "diffie-hellman": "^5.0.0",
            "inherits": "^2.0.1",
            "pbkdf2": "^3.0.3",
            "public-encrypt": "^4.0.0",
            "randombytes": "^2.0.0",
            "randomfill": "^1.0.3"
          }
        },
        "date-now": {
          "version": "0.1.4",
          "bundled": true
        },
        "defined": {
          "version": "1.0.0",
          "bundled": true
        },
        "deps-sort": {
          "version": "1.3.9",
          "bundled": true,
          "requires": {
            "JSONStream": "^1.0.3",
            "shasum": "^1.0.0",
            "subarg": "^1.0.0",
            "through2": "^1.0.0"
          }
        },
        "des.js": {
          "version": "1.0.0",
          "bundled": true,
          "requires": {
            "inherits": "^2.0.1",
            "minimalistic-assert": "^1.0.0"
          }
        },
        "detective": {
          "version": "4.7.1",
          "bundled": true,
          "requires": {
            "acorn": "^5.2.1",
            "defined": "^1.0.0"
          },
          "dependencies": {
            "acorn": {
              "version": "5.5.3",
              "bundled": true
            }
          }
        },
        "diffie-hellman": {
          "version": "5.0.3",
          "bundled": true,
          "requires": {
            "bn.js": "^4.1.0",
            "miller-rabin": "^4.0.0",
            "randombytes": "^2.0.0"
          }
        },
        "domain-browser": {
          "version": "1.1.7",
          "bundled": true
        },
        "duplexer2": {
          "version": "0.0.2",
          "bundled": true,
          "requires": {
            "readable-stream": "~1.1.9"
          }
        },
        "elliptic": {
          "version": "6.4.0",
          "bundled": true,
          "requires": {
            "bn.js": "^4.4.0",
            "brorand": "^1.0.1",
            "hash.js": "^1.0.0",
            "hmac-drbg": "^1.0.0",
            "inherits": "^2.0.1",
            "minimalistic-assert": "^1.0.0",
            "minimalistic-crypto-utils": "^1.0.0"
          }
        },
        "estree-walker": {
          "version": "0.2.1",
          "bundled": true
        },
        "events": {
          "version": "1.0.2",
          "bundled": true
        },
        "evp_bytestokey": {
          "version": "1.0.3",
          "bundled": true,
          "requires": {
            "md5.js": "^1.3.4",
            "safe-buffer": "^5.1.1"
          }
        },
        "function-bind": {
          "version": "1.1.1",
          "bundled": true
        },
        "glob": {
          "version": "4.5.3",
          "bundled": true,
          "requires": {
            "inflight": "^1.0.4",
            "inherits": "2",
            "minimatch": "^2.0.1",
            "once": "^1.3.0"
          }
        },
        "has": {
          "version": "1.0.1",
          "bundled": true,
          "requires": {
            "function-bind": "^1.0.2"
          }
        },
        "hash-base": {
          "version": "3.0.4",
          "bundled": true,
          "requires": {
            "inherits": "^2.0.1",
            "safe-buffer": "^5.0.1"
          }
        },
        "hash.js": {
          "version": "1.1.3",
          "bundled": true,
          "requires": {
            "inherits": "^2.0.3",
            "minimalistic-assert": "^1.0.0"
          }
        },
        "hmac-drbg": {
          "version": "1.0.1",
          "bundled": true,
          "requires": {
            "hash.js": "^1.0.3",
            "minimalistic-assert": "^1.0.0",
            "minimalistic-crypto-utils": "^1.0.1"
          }
        },
        "htmlescape": {
          "version": "1.1.1",
          "bundled": true
        },
        "http-browserify": {
          "version": "1.7.0",
          "bundled": true,
          "requires": {
            "Base64": "~0.2.0",
            "inherits": "~2.0.1"
          }
        },
        "https-browserify": {
          "version": "0.0.1",
          "bundled": true
        },
        "ieee754": {
          "version": "1.1.11",
          "bundled": true
        },
        "indexof": {
          "version": "0.0.1",
          "bundled": true
        },
        "inflight": {
          "version": "1.0.6",
          "bundled": true,
          "requires": {
            "once": "^1.3.0",
            "wrappy": "1"
          }
        },
        "inherits": {
          "version": "2.0.3",
          "bundled": true
        },
        "inline-source-map": {
          "version": "0.5.0",
          "bundled": true,
          "requires": {
            "source-map": "~0.4.0"
          }
        },
        "insert-module-globals": {
          "version": "6.6.3",
          "bundled": true,
          "requires": {
            "JSONStream": "^1.0.3",
            "combine-source-map": "~0.6.1",
            "concat-stream": "~1.4.1",
            "is-buffer": "^1.1.0",
            "lexical-scope": "^1.2.0",
            "process": "~0.11.0",
            "through2": "^1.0.0",
            "xtend": "^4.0.0"
          }
        },
        "is-buffer": {
          "version": "1.1.6",
          "bundled": true
        },
        "isarray": {
          "version": "0.0.1",
          "bundled": true
        },
        "json-stable-stringify": {
          "version": "0.0.1",
          "bundled": true,
          "requires": {
            "jsonify": "~0.0.0"
          }
        },
        "jsonify": {
          "version": "0.0.0",
          "bundled": true
        },
        "jsonparse": {
          "version": "1.3.1",
          "bundled": true
        },
        "labeled-stream-splicer": {
          "version": "1.0.2",
          "bundled": true,
          "requires": {
            "inherits": "^2.0.1",
            "isarray": "~0.0.1",
            "stream-splicer": "^1.1.0"
          }
        },
        "lexical-scope": {
          "version": "1.2.0",
          "bundled": true,
          "requires": {
            "astw": "^2.0.0"
          }
        },
        "lodash.memoize": {
          "version": "3.0.4",
          "bundled": true
        },
        "magic-string": {
          "version": "0.15.2",
          "bundled": true,
          "requires": {
            "vlq": "^0.2.1"
          }
        },
        "md5.js": {
          "version": "1.3.4",
          "bundled": true,
          "requires": {
            "hash-base": "^3.0.0",
            "inherits": "^2.0.1"
          }
        },
        "miller-rabin": {
          "version": "4.0.1",
          "bundled": true,
          "requires": {
            "bn.js": "^4.0.0",
            "brorand": "^1.0.1"
          }
        },
        "minimalistic-assert": {
          "version": "1.0.1",
          "bundled": true
        },
        "minimalistic-crypto-utils": {
          "version": "1.0.1",
          "bundled": true
        },
        "minimatch": {
          "version": "2.0.10",
          "bundled": true,
          "requires": {
            "brace-expansion": "^1.0.0"
          }
        },
        "minimist": {
          "version": "1.2.0",
          "bundled": true
        },
        "module-deps": {
          "version": "3.9.1",
          "bundled": true,
          "requires": {
            "JSONStream": "^1.0.3",
            "browser-resolve": "^1.7.0",
            "concat-stream": "~1.4.5",
            "defined": "^1.0.0",
            "detective": "^4.0.0",
            "duplexer2": "0.0.2",
            "inherits": "^2.0.1",
            "parents": "^1.0.0",
            "readable-stream": "^1.1.13",
            "resolve": "^1.1.3",
            "stream-combiner2": "~1.0.0",
            "subarg": "^1.0.0",
            "through2": "^1.0.0",
            "xtend": "^4.0.0"
          }
        },
        "once": {
          "version": "1.4.0",
          "bundled": true,
          "requires": {
            "wrappy": "1"
          }
        },
        "os-browserify": {
          "version": "0.1.2",
          "bundled": true
        },
        "pako": {
          "version": "0.2.9",
          "bundled": true
        },
        "parents": {
          "version": "1.0.1",
          "bundled": true,
          "requires": {
            "path-platform": "~0.11.15"
          }
        },
        "parse-asn1": {
          "version": "5.1.1",
          "bundled": true,
          "requires": {
            "asn1.js": "^4.0.0",
            "browserify-aes": "^1.0.0",
            "create-hash": "^1.1.0",
            "evp_bytestokey": "^1.0.0",
            "pbkdf2": "^3.0.3"
          }
        },
        "path-browserify": {
          "version": "0.0.0",
          "bundled": true
        },
        "path-parse": {
          "version": "1.0.5",
          "bundled": true
        },
        "path-platform": {
          "version": "0.11.15",
          "bundled": true
        },
        "pbkdf2": {
          "version": "3.0.16",
          "bundled": true,
          "requires": {
            "create-hash": "^1.1.2",
            "create-hmac": "^1.1.4",
            "ripemd160": "^2.0.1",
            "safe-buffer": "^5.0.1",
            "sha.js": "^2.4.8"
          }
        },
        "process": {
          "version": "0.11.10",
          "bundled": true
        },
        "public-encrypt": {
          "version": "4.0.2",
          "bundled": true,
          "requires": {
            "bn.js": "^4.1.0",
            "browserify-rsa": "^4.0.0",
            "create-hash": "^1.1.0",
            "parse-asn1": "^5.0.0",
            "randombytes": "^2.0.1"
          }
        },
        "punycode": {
          "version": "1.4.1",
          "bundled": true
        },
        "querystring": {
          "version": "0.2.0",
          "bundled": true
        },
        "querystring-es3": {
          "version": "0.2.1",
          "bundled": true
        },
        "randombytes": {
          "version": "2.0.6",
          "bundled": true,
          "requires": {
            "safe-buffer": "^5.1.0"
          }
        },
        "randomfill": {
          "version": "1.0.4",
          "bundled": true,
          "requires": {
            "randombytes": "^2.0.5",
            "safe-buffer": "^5.1.0"
          }
        },
        "read-only-stream": {
          "version": "1.1.1",
          "bundled": true,
          "requires": {
            "readable-stream": "^1.0.31",
            "readable-wrap": "^1.0.0"
          }
        },
        "readable-stream": {
          "version": "1.1.14",
          "bundled": true,
          "requires": {
            "core-util-is": "~1.0.0",
            "inherits": "~2.0.1",
            "isarray": "0.0.1",
            "string_decoder": "~0.10.x"
          }
        },
        "readable-wrap": {
          "version": "1.0.0",
          "bundled": true,
          "requires": {
            "readable-stream": "^1.1.13-1"
          }
        },
        "resolve": {
          "version": "1.7.1",
          "bundled": true,
          "requires": {
            "path-parse": "^1.0.5"
          }
        },
        "ripemd160": {
          "version": "2.0.2",
          "bundled": true,
          "requires": {
            "hash-base": "^3.0.0",
            "inherits": "^2.0.1"
          }
        },
        "rollup": {
          "version": "0.34.13",
          "bundled": true,
          "requires": {
            "source-map-support": "^0.4.0"
          }
        },
        "rollup-plugin-commonjs": {
          "version": "3.3.1",
          "bundled": true,
          "requires": {
            "acorn": "^3.2.0",
            "estree-walker": "^0.2.1",
            "magic-string": "^0.15.2",
            "resolve": "^1.1.7",
            "rollup-pluginutils": "^1.5.1"
          },
          "dependencies": {
            "acorn": {
              "version": "3.3.0",
              "bundled": true
            }
          }
        },
        "rollup-plugin-node-resolve": {
          "version": "1.7.3",
          "bundled": true,
          "requires": {
            "browser-resolve": "^1.11.0",
            "builtin-modules": "^1.1.0",
            "resolve": "^1.1.6"
          }
        },
        "rollup-pluginutils": {
          "version": "1.5.2",
          "bundled": true,
          "requires": {
            "estree-walker": "^0.2.1",
            "minimatch": "^3.0.2"
          },
          "dependencies": {
            "minimatch": {
              "version": "3.0.4",
              "bundled": true,
              "requires": {
                "brace-expansion": "^1.1.7"
              }
            }
          }
        },
        "safe-buffer": {
          "version": "5.1.2",
          "bundled": true
        },
        "sha.js": {
          "version": "2.4.11",
          "bundled": true,
          "requires": {
            "inherits": "^2.0.1",
            "safe-buffer": "^5.0.1"
          }
        },
        "shasum": {
          "version": "1.0.2",
          "bundled": true,
          "requires": {
            "json-stable-stringify": "~0.0.0",
            "sha.js": "~2.4.4"
          }
        },
        "shell-quote": {
          "version": "0.0.1",
          "bundled": true
        },
        "source-map": {
          "version": "0.4.4",
          "bundled": true,
          "requires": {
            "amdefine": ">=0.0.4"
          }
        },
        "source-map-support": {
          "version": "0.4.18",
          "bundled": true,
          "requires": {
            "source-map": "^0.5.6"
          },
          "dependencies": {
            "source-map": {
              "version": "0.5.7",
              "bundled": true
            }
          }
        },
        "stream-browserify": {
          "version": "1.0.0",
          "bundled": true,
          "requires": {
            "inherits": "~2.0.1",
            "readable-stream": "^1.0.27-1"
          }
        },
        "stream-combiner2": {
          "version": "1.0.2",
          "bundled": true,
          "requires": {
            "duplexer2": "~0.0.2",
            "through2": "~0.5.1"
          },
          "dependencies": {
            "readable-stream": {
              "version": "1.0.34",
              "bundled": true,
              "requires": {
                "core-util-is": "~1.0.0",
                "inherits": "~2.0.1",
                "isarray": "0.0.1",
                "string_decoder": "~0.10.x"
              }
            },
            "through2": {
              "version": "0.5.1",
              "bundled": true,
              "requires": {
                "readable-stream": "~1.0.17",
                "xtend": "~3.0.0"
              }
            },
            "xtend": {
              "version": "3.0.0",
              "bundled": true
            }
          }
        },
        "stream-splicer": {
          "version": "1.3.2",
          "bundled": true,
          "requires": {
            "indexof": "0.0.1",
            "inherits": "^2.0.1",
            "isarray": "~0.0.1",
            "readable-stream": "^1.1.13-1",
            "readable-wrap": "^1.0.0",
            "through2": "^1.0.0"
          }
        },
        "string_decoder": {
          "version": "0.10.31",
          "bundled": true
        },
        "subarg": {
          "version": "1.0.0",
          "bundled": true,
          "requires": {
            "minimist": "^1.1.0"
          }
        },
        "syntax-error": {
          "version": "1.4.0",
          "bundled": true,
          "requires": {
            "acorn-node": "^1.2.0"
          }
        },
        "through": {
          "version": "2.3.8",
          "bundled": true
        },
        "through2": {
          "version": "1.1.1",
          "bundled": true,
          "requires": {
            "readable-stream": ">=1.1.13-1 <1.2.0-0",
            "xtend": ">=4.0.0 <4.1.0-0"
          }
        },
        "timers-browserify": {
          "version": "1.4.2",
          "bundled": true,
          "requires": {
            "process": "~0.11.0"
          }
        },
        "tty-browserify": {
          "version": "0.0.1",
          "bundled": true
        },
        "typedarray": {
          "version": "0.0.6",
          "bundled": true
        },
        "uglify-es": {
          "version": "3.3.10",
          "bundled": true,
          "requires": {
            "commander": "~2.14.1",
            "source-map": "~0.6.1"
          },
          "dependencies": {
            "source-map": {
              "version": "0.6.1",
              "bundled": true
            }
          }
        },
        "umd": {
          "version": "3.0.3",
          "bundled": true
        },
        "url": {
          "version": "0.10.3",
          "bundled": true,
          "requires": {
            "punycode": "1.3.2",
            "querystring": "0.2.0"
          },
          "dependencies": {
            "punycode": {
              "version": "1.3.2",
              "bundled": true
            }
          }
        },
        "util": {
          "version": "0.10.3",
          "bundled": true,
          "requires": {
            "inherits": "2.0.1"
          },
          "dependencies": {
            "inherits": {
              "version": "2.0.1",
              "bundled": true
            }
          }
        },
        "utilise.all": {
          "version": "0.0.2",
          "bundled": true,
          "requires": {
            "utilise.to": "*"
          }
        },
        "utilise.append": {
          "version": "0.0.1",
          "bundled": true
        },
        "utilise.args": {
          "version": "0.0.1",
          "bundled": true,
          "requires": {
            "utilise.is": "*",
            "utilise.to": "*"
          }
        },
        "utilise.attr": {
          "version": "0.0.7",
          "bundled": true,
          "requires": {
            "utilise.is": "*"
          }
        },
        "utilise.az": {
          "version": "1.0.0",
          "bundled": true,
          "requires": {
            "utilise.key": "*",
            "utilise.to": "*"
          }
        },
        "utilise.by": {
          "version": "0.0.2",
          "bundled": true,
          "requires": {
            "utilise.is": "*",
            "utilise.key": "*"
          }
        },
        "utilise.client": {
          "version": "0.0.1",
          "bundled": true
        },
        "utilise.clone": {
          "version": "0.0.2",
          "bundled": true,
          "requires": {
            "utilise.is": "*",
            "utilise.parse": "*",
            "utilise.str": "*"
          }
        },
        "utilise.colorfill": {
          "version": "0.0.1",
          "bundled": true,
          "requires": {
            "colors": "^1.1.0",
            "utilise.client": "*",
            "utilise.has": "*",
            "utilise.is": "*"
          }
        },
        "utilise.copy": {
          "version": "0.0.1",
          "bundled": true
        },
        "utilise.datum": {
          "version": "0.0.3",
          "bundled": true,
          "requires": {
            "utilise.sel": "*"
          }
        },
        "utilise.deb": {
          "version": "0.0.3",
          "bundled": true,
          "requires": {
            "utilise.identity": "0.0.1",
            "utilise.is": "*",
            "utilise.key": "0.0.8",
            "utilise.owner": "*",
            "utilise.split": "0.0.1",
            "utilise.to": "*"
          },
          "dependencies": {
            "utilise.key": {
              "version": "0.0.8",
              "bundled": true,
              "requires": {
                "utilise.is": "*",
                "utilise.str": "*"
              }
            }
          }
        },
        "utilise.debounce": {
          "version": "0.0.1",
          "bundled": true,
          "requires": {
            "utilise.is": "*"
          }
        },
        "utilise.def": {
          "version": "0.0.4",
          "bundled": true,
          "requires": {
            "utilise.has": "*"
          }
        },
        "utilise.defaults": {
          "version": "0.0.6",
          "bundled": true,
          "requires": {
            "utilise.is": "*",
            "utilise.keys": "*"
          }
        },
        "utilise.delay": {
          "version": "0.1.0",
          "bundled": true,
          "requires": {
            "utilise.promise": "0"
          },
          "dependencies": {
            "utilise.promise": {
              "version": "0.0.1",
              "bundled": true
            }
          }
        },
        "utilise.done": {
          "version": "0.0.1",
          "bundled": true
        },
        "utilise.el": {
          "version": "0.0.2",
          "bundled": true,
          "requires": {
            "utilise.attr": "*",
            "utilise.prepend": "*",
            "utilise.replace": "*",
            "utilise.split": "*"
          }
        },
        "utilise.emitterify": {
          "version": "1.8.0",
          "bundled": true,
          "requires": {
            "utilise.def": "*",
            "utilise.flatten": "0.0.3",
            "utilise.promise": "^1.0.0"
          }
        },
        "utilise.err": {
          "version": "0.0.2",
          "bundled": true,
          "requires": {
            "utilise.is": "*",
            "utilise.owner": "*",
            "utilise.to": "*"
          }
        },
        "utilise.escape": {
          "version": "0.0.1",
          "bundled": true
        },
        "utilise.extend": {
          "version": "0.0.1",
          "bundled": true,
          "requires": {
            "utilise.copy": "*",
            "utilise.is": "*",
            "utilise.keys": "*",
            "utilise.not": "*"
          }
        },
        "utilise.falsy": {
          "version": "0.0.1",
          "bundled": true
        },
        "utilise.file": {
          "version": "0.0.1",
          "bundled": true
        },
        "utilise.first": {
          "version": "0.0.2",
          "bundled": true
        },
        "utilise.flatten": {
          "version": "0.0.3",
          "bundled": true,
          "requires": {
            "utilise.is": "0.0.1"
          },
          "dependencies": {
            "utilise.is": {
              "version": "0.0.1",
              "bundled": true
            }
          }
        },
        "utilise.fn": {
          "version": "0.0.1",
          "bundled": true,
          "requires": {
            "utilise.is": "*"
          }
        },
        "utilise.form": {
          "version": "1.0.0",
          "bundled": true,
          "requires": {
            "utilise.all": "*",
            "utilise.attr": "*",
            "utilise.includes": "*"
          }
        },
        "utilise.from": {
          "version": "0.0.1",
          "bundled": true,
          "requires": {
            "utilise.datum": "*",
            "utilise.key": "*"
          }
        },
        "utilise.grep": {
          "version": "0.0.1",
          "bundled": true,
          "requires": {
            "utilise.is": "*",
            "utilise.to": "*"
          }
        },
        "utilise.group": {
          "version": "0.0.3",
          "bundled": true,
          "requires": {
            "utilise.client": "*",
            "utilise.noop": "*",
            "utilise.owner": "*"
          }
        },
        "utilise.has": {
          "version": "0.0.1",
          "bundled": true
        },
        "utilise.hashcode": {
          "version": "0.0.2",
          "bundled": true
        },
        "utilise.header": {
          "version": "0.0.2",
          "bundled": true,
          "requires": {
            "utilise.key": "*"
          }
        },
        "utilise.identity": {
          "version": "0.0.1",
          "bundled": true
        },
        "utilise.iff": {
          "version": "0.0.2",
          "bundled": true
        },
        "utilise.includes": {
          "version": "0.0.2",
          "bundled": true
        },
        "utilise.is": {
          "version": "1.1.2",
          "bundled": true
        },
        "utilise.join": {
          "version": "0.0.10",
          "bundled": true,
          "requires": {
            "utilise.by": "*",
            "utilise.clone": "*",
            "utilise.is": "0.0.1",
            "utilise.key": "*"
          },
          "dependencies": {
            "utilise.is": {
              "version": "0.0.1",
              "bundled": true
            }
          }
        },
        "utilise.key": {
          "version": "1.1.0",
          "bundled": true,
          "requires": {
            "utilise.is": "*",
            "utilise.keys": "*",
            "utilise.str": "*",
            "utilise.wrap": "*"
          }
        },
        "utilise.keys": {
          "version": "0.0.3",
          "bundled": true,
          "requires": {
            "utilise.is": "*"
          }
        },
        "utilise.last": {
          "version": "0.0.2",
          "bundled": true
        },
        "utilise.lo": {
          "version": "0.0.1",
          "bundled": true
        },
        "utilise.log": {
          "version": "0.0.2",
          "bundled": true,
          "requires": {
            "utilise.is": "*",
            "utilise.owner": "*",
            "utilise.to": "*"
          }
        },
        "utilise.merge": {
          "version": "1.0.0",
          "bundled": true,
          "requires": {
            "utilise.is": "*"
          }
        },
        "utilise.mo": {
          "version": "0.0.1",
          "bundled": true,
          "requires": {
            "utilise.owner": "*"
          }
        },
        "utilise.noop": {
          "version": "0.0.1",
          "bundled": true
        },
        "utilise.not": {
          "version": "0.0.3",
          "bundled": true
        },
        "utilise.nullify": {
          "version": "0.0.5",
          "bundled": true,
          "requires": {
            "utilise.is": "*"
          }
        },
        "utilise.once": {
          "version": "3.1.0",
          "bundled": true,
          "requires": {
            "utilise.emitterify": "*",
            "utilise.key": "*",
            "utilise.keys": "*"
          }
        },
        "utilise.overwrite": {
          "version": "0.0.3",
          "bundled": true,
          "requires": {
            "utilise.copy": "*",
            "utilise.is": "*",
            "utilise.keys": "*"
          }
        },
        "utilise.owner": {
          "version": "0.0.2",
          "bundled": true,
          "requires": {
            "utilise.client": "*"
          }
        },
        "utilise.parse": {
          "version": "0.0.1",
          "bundled": true
        },
        "utilise.patch": {
          "version": "0.0.1",
          "bundled": true,
          "requires": {
            "utilise.keys": "*",
            "utilise.set": "*"
          }
        },
        "utilise.pause": {
          "version": "0.0.1",
          "bundled": true
        },
        "utilise.perf": {
          "version": "1.0.0",
          "bundled": true,
          "requires": {
            "utilise.client": "*",
            "utilise.log": "*"
          }
        },
        "utilise.pop": {
          "version": "0.0.2",
          "bundled": true,
          "requires": {
            "utilise.is": "*",
            "utilise.last": "*",
            "utilise.set": "*"
          }
        },
        "utilise.prepend": {
          "version": "0.0.1",
          "bundled": true
        },
        "utilise.promise": {
          "version": "1.0.0",
          "bundled": true
        },
        "utilise.proxy": {
          "version": "0.0.3",
          "bundled": true,
          "requires": {
            "utilise.identity": "*",
            "utilise.is": "*"
          }
        },
        "utilise.push": {
          "version": "0.0.4",
          "bundled": true,
          "requires": {
            "utilise.is": "*",
            "utilise.set": "*"
          }
        },
        "utilise.raw": {
          "version": "0.0.1",
          "bundled": true
        },
        "utilise.ready": {
          "version": "0.0.2",
          "bundled": true
        },
        "utilise.remove": {
          "version": "0.0.4",
          "bundled": true,
          "requires": {
            "utilise.key": "*",
            "utilise.set": "*"
          }
        },
        "utilise.replace": {
          "version": "0.0.1",
          "bundled": true
        },
        "utilise.sel": {
          "version": "0.0.2",
          "bundled": true
        },
        "utilise.send": {
          "version": "0.0.1",
          "bundled": true
        },
        "utilise.set": {
          "version": "1.0.1",
          "bundled": true,
          "requires": {
            "utilise.def": "*",
            "utilise.emitterify": "*",
            "utilise.is": "*"
          }
        },
        "utilise.slice": {
          "version": "0.0.1",
          "bundled": true
        },
        "utilise.sort": {
          "version": "0.0.3",
          "bundled": true
        },
        "utilise.split": {
          "version": "0.0.1",
          "bundled": true
        },
        "utilise.str": {
          "version": "0.0.1",
          "bundled": true,
          "requires": {
            "utilise.is": "*"
          }
        },
        "utilise.stripws": {
          "version": "0.0.2",
          "bundled": true,
          "requires": {
            "utilise.is": "0.0.2"
          },
          "dependencies": {
            "utilise.is": {
              "version": "0.0.2",
              "bundled": true
            }
          }
        },
        "utilise.tdraw": {
          "version": "0.0.6",
          "bundled": true
        },
        "utilise.th": {
          "version": "0.0.2",
          "bundled": true
        },
        "utilise.time": {
          "version": "0.0.4",
          "bundled": true
        },
        "utilise.to": {
          "version": "0.0.4",
          "bundled": true,
          "requires": {
            "utilise.is": "0.0.3"
          },
          "dependencies": {
            "utilise.is": {
              "version": "0.0.3",
              "bundled": true
            }
          }
        },
        "utilise.unique": {
          "version": "0.0.2",
          "bundled": true,
          "requires": {
            "utilise.is": "0.0.2"
          },
          "dependencies": {
            "utilise.is": {
              "version": "0.0.2",
              "bundled": true
            }
          }
        },
        "utilise.update": {
          "version": "0.0.2",
          "bundled": true,
          "requires": {
            "utilise.set": "*"
          }
        },
        "utilise.values": {
          "version": "0.0.1",
          "bundled": true,
          "requires": {
            "utilise.from": "*",
            "utilise.keys": "*"
          }
        },
        "utilise.via": {
          "version": "0.0.1",
          "bundled": true,
          "requires": {
            "bl": "^0.9.4",
            "through": "^2.3.7",
            "utilise.debounce": "*",
            "utilise.noop": "*"
          }
        },
        "utilise.wait": {
          "version": "0.0.2",
          "bundled": true
        },
        "utilise.wrap": {
          "version": "0.0.1",
          "bundled": true
        },
        "utilise.za": {
          "version": "1.0.0",
          "bundled": true,
          "requires": {
            "utilise.key": "*",
            "utilise.to": "*"
          }
        },
        "vlq": {
          "version": "0.2.3",
          "bundled": true
        },
        "vm-browserify": {
          "version": "0.0.4",
          "bundled": true,
          "requires": {
            "indexof": "0.0.1"
          }
        },
        "wrappy": {
          "version": "1.0.2",
          "bundled": true
        },
        "xtend": {
          "version": "4.0.1",
          "bundled": true
        }
      }
    },
    "xoox-transform": {
      "version": "1.1.0",
      "resolved": "https://registry.npmjs.org/xoox-transform/-/xoox-transform-1.1.0.tgz",
      "integrity": "sha512-BiXuYd0cM93UYH4d52rhv9TlwZHOGrRStRU6Fch6KeOsxV06zLhl3uRsSDLfWDNgbsXDqr3jSUvE7zVdqG+6Lg=="
    },
    "xoox-until": {
      "version": "1.0.1",
      "resolved": "https://registry.npmjs.org/xoox-until/-/xoox-until-1.0.1.tgz",
      "integrity": "sha512-HpH5kO+luZLAMBYdqTwnIscHFxy1Q67K34EJ/bg2IIG62XpLyHsPyrRIitMC6spVIlXceF4yC5shXGoiqA4p6Q=="
    }
  }
}
